
Microsoft Visual Studio Solution File, Format Version 12.00
# Visual Studio Version 17
VisualStudioVersion = 17.11.35312.102
MinimumVisualStudioVersion = 10.0.40219.1
Project("{9A19103F-16F7-4668-BE54-9A1E7A4F7556}") = "FallGuy", "FallGuy\FallGuy.csproj", "{DF8E1AB6-3FE8-4D70-8F59-604FE521BFD2}"
EndProject
Global
	GlobalSection(SolutionConfigurationPlatforms) = preSolution
		Debug|Any CPU = Debug|Any CPU
		Debug|x64 = Debug|x64
		Release|Any CPU = Release|Any CPU
		Release|x64 = Release|x64
	EndGlobalSection
	GlobalSection(ProjectConfigurationPlatforms) = postSolution
		{DF8E1AB6-3FE8-4D70-8F59-604FE521BFD2}.Debug|Any CPU.ActiveCfg = Release|x64
		{DF8E1AB6-3FE8-4D70-8F59-604FE521BFD2}.Debug|Any CPU.Build.0 = Release|x64
		{DF8E1AB6-3FE8-4D70-8F59-604FE521BFD2}.Debug|x64.ActiveCfg = Debug|x64
		{DF8E1AB6-3FE8-4D70-8F59-604FE521BFD2}.Debug|x64.Build.0 = Debug|x64
		{DF8E1AB6-3FE8-4D70-8F59-604FE521BFD2}.Release|Any CPU.ActiveCfg = Release|Any CPU
		{DF8E1AB6-3FE8-4D70-8F59-604FE521BFD2}.Release|Any CPU.Build.0 = Release|Any CPU
		{DF8E1AB6-3FE8-4D70-8F59-604FE521BFD2}.Release|x64.ActiveCfg = Release|x64
		{DF8E1AB6-3FE8-4D70-8F59-604FE521BFD2}.Release|x64.Build.0 = Release|x64
	EndGlobalSection
	GlobalSection(SolutionProperties) = preSolution
		HideSolutionNode = FALSE
	EndGlobalSection
	GlobalSection(ExtensibilityGlobals) = postSolution
		SolutionGuid = {4C388337-BE35-4546-AF43-BBF3F2707ED5}
	EndGlobalSection
EndGlobal
